
Microsoft Visual Studio Solution File, Format Version 12.00
# Visual Studio Version 17
VisualStudioVersion = 17.12.35527.113
MinimumVisualStudioVersion = 10.0.40219.1
Project("{8BC9CEB8-8B4A-11D0-8D11-00A0C91BC942}") = "LuaByCpp", "LuaByCpp.vcxproj", "{6A40C2AA-FC0B-4A70-8212-A7DEA42830C7}"
EndProject
Project("{8BC9CEB8-8B4A-11D0-8D11-00A0C91BC942}") = "HelloDemo", "..\HelloDemo\HelloDemo.vcxproj", "{1BB737E7-4A0E-4F09-837A-E55B27A7F95D}"
EndProject
Project("{8BC9CEB8-8B4A-11D0-8D11-00A0C91BC942}") = "DeepInLua", "..\DeepInLua\DeepInLua.vcxproj", "{B2CACCD5-FA0D-46D7-90F2-5B901E0F1D57}"
EndProject
Project("{8BC9CEB8-8B4A-11D0-8D11-00A0C91BC942}") = "luaCpp01", "..\luaCpp01\luaCpp01.vcxproj", "{6C48F153-710F-4520-946D-79ECB780958D}"
EndProject
Project("{8BC9CEB8-8B4A-11D0-8D11-00A0C91BC942}") = "luaCpp02", "..\luaCpp02\luaCpp02.vcxproj", "{B9C484D6-5CA9-4C64-93B9-7691C5D9CE0E}"
EndProject
Global
	GlobalSection(SolutionConfigurationPlatforms) = preSolution
		Debug|x64 = Debug|x64
		Debug|x86 = Debug|x86
		Release|x64 = Release|x64
		Release|x86 = Release|x86
	EndGlobalSection
	GlobalSection(ProjectConfigurationPlatforms) = postSolution
		{6A40C2AA-FC0B-4A70-8212-A7DEA42830C7}.Debug|x64.ActiveCfg = Debug|x64
		{6A40C2AA-FC0B-4A70-8212-A7DEA42830C7}.Debug|x64.Build.0 = Debug|x64
		{6A40C2AA-FC0B-4A70-8212-A7DEA42830C7}.Debug|x86.ActiveCfg = Debug|Win32
		{6A40C2AA-FC0B-4A70-8212-A7DEA42830C7}.Debug|x86.Build.0 = Debug|Win32
		{6A40C2AA-FC0B-4A70-8212-A7DEA42830C7}.Release|x64.ActiveCfg = Release|x64
		{6A40C2AA-FC0B-4A70-8212-A7DEA42830C7}.Release|x64.Build.0 = Release|x64
		{6A40C2AA-FC0B-4A70-8212-A7DEA42830C7}.Release|x86.ActiveCfg = Release|Win32
		{6A40C2AA-FC0B-4A70-8212-A7DEA42830C7}.Release|x86.Build.0 = Release|Win32
		{1BB737E7-4A0E-4F09-837A-E55B27A7F95D}.Debug|x64.ActiveCfg = Debug|x64
		{1BB737E7-4A0E-4F09-837A-E55B27A7F95D}.Debug|x64.Build.0 = Debug|x64
		{1BB737E7-4A0E-4F09-837A-E55B27A7F95D}.Debug|x86.ActiveCfg = Debug|Win32
		{1BB737E7-4A0E-4F09-837A-E55B27A7F95D}.Debug|x86.Build.0 = Debug|Win32
		{1BB737E7-4A0E-4F09-837A-E55B27A7F95D}.Release|x64.ActiveCfg = Release|x64
		{1BB737E7-4A0E-4F09-837A-E55B27A7F95D}.Release|x64.Build.0 = Release|x64
		{1BB737E7-4A0E-4F09-837A-E55B27A7F95D}.Release|x86.ActiveCfg = Release|Win32
		{1BB737E7-4A0E-4F09-837A-E55B27A7F95D}.Release|x86.Build.0 = Release|Win32
		{B2CACCD5-FA0D-46D7-90F2-5B901E0F1D57}.Debug|x64.ActiveCfg = Debug|x64
		{B2CACCD5-FA0D-46D7-90F2-5B901E0F1D57}.Debug|x64.Build.0 = Debug|x64
		{B2CACCD5-FA0D-46D7-90F2-5B901E0F1D57}.Debug|x86.ActiveCfg = Debug|Win32
		{B2CACCD5-FA0D-46D7-90F2-5B901E0F1D57}.Debug|x86.Build.0 = Debug|Win32
		{B2CACCD5-FA0D-46D7-90F2-5B901E0F1D57}.Release|x64.ActiveCfg = Release|x64
		{B2CACCD5-FA0D-46D7-90F2-5B901E0F1D57}.Release|x64.Build.0 = Release|x64
		{B2CACCD5-FA0D-46D7-90F2-5B901E0F1D57}.Release|x86.ActiveCfg = Release|Win32
		{B2CACCD5-FA0D-46D7-90F2-5B901E0F1D57}.Release|x86.Build.0 = Release|Win32
		{6C48F153-710F-4520-946D-79ECB780958D}.Debug|x64.ActiveCfg = Debug|x64
		{6C48F153-710F-4520-946D-79ECB780958D}.Debug|x64.Build.0 = Debug|x64
		{6C48F153-710F-4520-946D-79ECB780958D}.Debug|x86.ActiveCfg = Debug|Win32
		{6C48F153-710F-4520-946D-79ECB780958D}.Debug|x86.Build.0 = Debug|Win32
		{6C48F153-710F-4520-946D-79ECB780958D}.Release|x64.ActiveCfg = Release|x64
		{6C48F153-710F-4520-946D-79ECB780958D}.Release|x64.Build.0 = Release|x64
		{6C48F153-710F-4520-946D-79ECB780958D}.Release|x86.ActiveCfg = Release|Win32
		{6C48F153-710F-4520-946D-79ECB780958D}.Release|x86.Build.0 = Release|Win32
		{B9C484D6-5CA9-4C64-93B9-7691C5D9CE0E}.Debug|x64.ActiveCfg = Debug|x64
		{B9C484D6-5CA9-4C64-93B9-7691C5D9CE0E}.Debug|x64.Build.0 = Debug|x64
		{B9C484D6-5CA9-4C64-93B9-7691C5D9CE0E}.Debug|x86.ActiveCfg = Debug|Win32
		{B9C484D6-5CA9-4C64-93B9-7691C5D9CE0E}.Debug|x86.Build.0 = Debug|Win32
		{B9C484D6-5CA9-4C64-93B9-7691C5D9CE0E}.Release|x64.ActiveCfg = Release|x64
		{B9C484D6-5CA9-4C64-93B9-7691C5D9CE0E}.Release|x64.Build.0 = Release|x64
		{B9C484D6-5CA9-4C64-93B9-7691C5D9CE0E}.Release|x86.ActiveCfg = Release|Win32
		{B9C484D6-5CA9-4C64-93B9-7691C5D9CE0E}.Release|x86.Build.0 = Release|Win32
	EndGlobalSection
	GlobalSection(SolutionProperties) = preSolution
		HideSolutionNode = FALSE
	EndGlobalSection
EndGlobal
